github.com/beorn7/perks v1.0.1 h1:VlbKKnNfV8bJzeqoa4cOKqO6bYr3WgKZxO8Z16+hsOM=
github.com/beorn7/perks v1.0.1/go.mod h1:G2ZrVWU2WbWT9wwq4/hrbKbnv/1ERSJQ0ibhJ6rlkpw=
github.com/cespare/xxhash/v2 v2.2.0 h1:DC2CZ1Ep5Y4k3ZQ899DldepgrayRUGE6BBZ/cd9Cj44=
github.com/cespare/xxhash/v2 v2.2.0/go.mod h1:VGX0DQ3Q6kWi7AoAeZDth3/j3BFtOZR5XLFGgcrjCOs=
github.com/davecgh/go-spew v1.1.1 h1:vj9j/u1bqnvCEfJOwUhtlOARqs3+rkHYY13jYWTU97c=
github.com/dustin/go-humanize v1.0.1 h1:GzkhY7T5VNhEkwH0PVJgjz+fX1rhBrR7pRT3mDkpeCY=
github.com/dustin/go-humanize v1.0.1/go.mod h1:Mu1zIs6XwVuF/gI1OepvI0qD18qycQx+mFykh5fBlto=
github.com/golang/protobuf v1.5.4 h1:i7eJL8qZTpSEXOPTxNKhASYpMn+8e5Q6AdndVa1dWek=
github.com/golang/protobuf v1.5.4/go.mod h1:lnTiLA8Wa4RWRcIUkrtSVa5nRhsEGBg48fD6rSs7xps=
github.com/google/go-cmp v0.6.0 h1:ofyhxvXcZhMsU5ulbFiLKl/XBFqE1GSq7atu8tAmTRI=
github.com/grafana/pyroscope-go v1.1.1 h1:PQoUU9oWtO3ve/fgIiklYuGilvsm8qaGhlY4Vw6MAcQ=
github.com/grafana/pyroscope-go v1.1.1/go.mod h1:Mw26jU7jsL/KStNSGGuuVYdUq7Qghem5P8aXYXSXG88=
github.com/grafana/pyroscope-go/godeltaprof v0.1.6 h1:nEdZ8louGAplSvIJi1HVp7kWvFvdiiYg3COLlTwJiFo=
github.com/grafana/pyroscope-go/godeltaprof v0.1.6/go.mod h1:Tk376Nbldo4Cha9RgiU7ik8WKFkNpfds98aUzS8omLE=
github.com/klauspost/compress v1.17.3 h1:qkRjuerhUU1EmXLYGkSH6EZL+vPSxIrYjLNAK4slzwA=
github.com/klauspost/compress v1.17.3/go.mod h1:/dCuZOvVtNoHsyb+cuJD3itjs3NbnF6KH9zAO4BDxPM=
github.com/kr/pretty v0.3.1 h1:flRD4NNwYAUpkphVc1HcthR4KEIFJ65n8Mw5qdRn3LE=
github.com/kr/text v0.2.0 h1:5Nx0Ya0ZqY2ygV366QzturHI13Jq95ApcVaJBhpS+AY=
github.com/lib/pq v1.10.9 h1:YXG7RB+JIjhP29X+OtkiDnYaXQwpS4JEWq7dtCCRUEw=
github.com/lib/pq v1.10.9/go.mod h1:AlVN5x4E4T544tWzH6hKfbfQvm3HdbOxrmggDNAPY9o=
github.com/prometheus/client_golang v1.18.0 h1:HzFfmkOzH5Q8L8G+kSJKUx5dtG87sewO+FoDDqP5Tbk=
github.com/prometheus/client_golang v1.18.0/go.mod h1:T+GXkCk5wSJyOqMIzVgvvjFDlkOQntgjkJWKrN5txjA=
github.com/prometheus/client_model v0.5.0 h1:VQw1hfvPvk3Uv6Qf29VrPF32JB6rtbgI6cYPYQjL0Qw=
github.com/prometheus/client_model v0.5.0/go.mod h1:dTiFglRmd66nLR9Pv9f0mZi7B7fk5Pm3gvsjB5tr+kI=
github.com/prometheus/common v0.46.0 h1:doXzt5ybi1HBKpsZOL0sSkaNHJJqkyfEWZGGqqScV0Y=
github.com/prometheus/common v0.46.0/go.mod h1:Tp0qkxpb9Jsg54QMe+EAmqXkSV7Evdy1BTn+g2pa/hQ=
github.com/prometheus/procfs v0.12.0 h1:jluTpSng7V9hY0O2R9DzzJHYb2xULk9VTR1V1R/k6Bo=
github.com/prometheus/procfs v0.12.0/go.mod h1:pcuDEFsWDnvcgNzo4EEweacyhjeA9Zk3cnaOZAZEfOo=
github.com/rogpeppe/go-internal v1.10.0 h1:TMyTOH3F/DB16zRVcYyreMH6GnZZrwQVAoYjRBZyWFQ=
golang.conradwood.net/apis/artefact v1.1.2792 h1:IUZx45mxA4vmdASwDOzQmr9w48VoCOymEueAm56cteA=
golang.conradwood.net/apis/artefact v1.1.2792/go.mod h1:HfVqWDzJrbs3RQdzQv+epJwLdVvM4rfGOD/kBQbTQXI=
golang.conradwood.net/apis/auth v1.1.2877 h1:LvYGMdh8DsZCD5/kYC0mEhKc39Yn0LdxVUxOeJRmNRg=
golang.conradwood.net/apis/auth v1.1.2877/go.mod h1:wUYoP9DdKxB8DggrMTiLu2jMEPUFDUIMT5VEYGQporc=
golang.conradwood.net/apis/autodeployer v1.1.2792 h1:owB11fkagO3ap/IY6LcFXDZ5GbdsTrXJB7b92YC4s4E=
golang.conradwood.net/apis/autodeployer v1.1.2792/go.mod h1:dtibVqInPJM/AHbM37lyl8J4rmA/MF9vPbJDUoIDfXM=
golang.conradwood.net/apis/buildrepo v1.1.2792 h1:fhrVDrfoD/f/GuOf6Y8ELwZJm3sVUweHxiu17MBhWr8=
golang.conradwood.net/apis/buildrepo v1.1.2792/go.mod h1:raSiLMMiPCF5FLjYI86C77UTWiFECzh238Zy4Z1jB68=
golang.conradwood.net/apis/common v1.1.2877 h1:Gb2zAcv2FBA1Gm4JsV0vJZCbAaZm8JMAFxq6RgZ0kr8=
golang.conradwood.net/apis/common v1.1.2877/go.mod h1:ISc05uwxSoc5H/Nd0R4gI0ADNrGD/nrxdi+lg1CNv0E=
golang.conradwood.net/apis/deploymonkey v1.1.2792 h1:VwonnIve84HELMiGUW65cIg+oajXNsa7qBU2jX2nB+I=
golang.conradwood.net/apis/deploymonkey v1.1.2792/go.mod h1:vrI+8fYk0mQMv03Do8Gy1nLrh6rMYD/mH4HJLspBz3k=
golang.conradwood.net/apis/echoservice v1.1.2792 h1:BvQU5M4IIFL804FSklgjRteVqGyTePoxHuRYDEit+KY=
golang.conradwood.net/apis/echoservice v1.1.2792/go.mod h1:e+maTEFEPLPRb0Wi0p4isK+UKfPCtuCFx38trAgjFtQ=
golang.conradwood.net/apis/email v1.1.2792 h1:yiTx0P9qWmM53U+8eZmT6jIQpRr/WNCyngakfFTKyDQ=
golang.conradwood.net/apis/email v1.1.2792/go.mod h1:CQh3LDVnIMIXHk0WfaLEtiKhXxZljZPQc8aZE57INxA=
golang.conradwood.net/apis/errorlogger v1.1.2792 h1:sRReSMiJ61eBatETjbVetJFyrJ+ChBj5bYf9i+CF8BY=
golang.conradwood.net/apis/errorlogger v1.1.2792/go.mod h1:FgbMVg0VcbJ5F87kXQOmMHA3t6M7yjlO/dP3ae1+9L0=
golang.conradwood.net/apis/framework v1.1.2792 h1:eOBNNVSDrn0KM+6GJ310YaqZuZkEczruzRoSniTo+JM=
golang.conradwood.net/apis/framework v1.1.2792/go.mod h1:ODJT5SeadROLPYvnCvfeNOKWJczbeWSEzkA1jXgwWco=
golang.conradwood.net/apis/gitserver v1.1.2792 h1:Fbz+7r6JY1UjhxO8gcPO40d27WFDvWnBQ19ujXeQ+3A=
golang.conradwood.net/apis/gitserver v1.1.2792/go.mod h1:4EoDVck3tw5WFCnX+6rzqIyfayZq4cbqI+lz/mngwRk=
golang.conradwood.net/apis/goeasyops v1.1.2877 h1:R4xRX25rgEwPM16+yl7hYhpp9BT4QzSoSSky91h+PHo=
golang.conradwood.net/apis/goeasyops v1.1.2877/go.mod h1:rr83t7WDzIxravFzrB0YSHLSQUxMMHwo1BQeMpQIyZ4=
golang.conradwood.net/apis/h2gproxy v1.1.2792 h1:ILtzBpR56biOipuZxtUoxSKgnRn6S0k7XQaFKj/kGXk=
golang.conradwood.net/apis/h2gproxy v1.1.2792/go.mod h1:bNaexrX2GVKR3ia8N0lPMj+roitF2ZftsXus57GDyw0=
golang.conradwood.net/apis/objectauth v1.1.2792 h1:1cmVLHP6iPLmSrVj1DPmEqcUlyyn2GTYaeZ6lnSv6u8=
golang.conradwood.net/apis/objectauth v1.1.2792/go.mod h1:GgeUl/iTqyNhXsVfjnMTVDjnweOq1Uqg8FJf5OWZOug=
golang.conradwood.net/apis/objectstore v1.1.2792 h1:ML0hLEflZF2GvHtPfrvt5EMDSAv32eENfhE+TgGnBhM=
golang.conradwood.net/apis/objectstore v1.1.2792/go.mod h1:23DUXPdJoN9lqd+StkbdeJRRanmhsOkd8B9yVH2iMxY=
golang.conradwood.net/apis/protorenderer v1.1.2792 h1:w7lmCOEXimuY6hIpH+FXkxq20TKLjdFbZeU8aO1c2dQ=
golang.conradwood.net/apis/protorenderer v1.1.2792/go.mod h1:jR1YfHz0eTFFpI397C8vRWsAZ6QAXeenau0RrQlbVSg=
golang.conradwood.net/apis/registry v1.1.2792 h1:TsZQ7aiWFzSMuR6t3WZw4pHxGwipQlqgunypnE3NbEo=
golang.conradwood.net/apis/registry v1.1.2792/go.mod h1:Z62Rr5W6fQygJNjZbgd8hJI7/VS006vXkcJQD9LY+Ps=
golang.conradwood.net/apis/secureargs v1.1.2792 h1:1UVpeOKGNwiIkgeVcPMzu5DzjW0DwMd3UF/sHmGS2zA=
golang.conradwood.net/apis/secureargs v1.1.2792/go.mod h1:umAaW8h1HiDQWK1kwCR/vLpsnXf66N6XFqhs9tp1D/k=
golang.conradwood.net/go-easyops v0.1.25963 h1:K/iBbzfw+z8ERgW0IoVkl0b+3Z9YnLK+CTQV8IXTg5g=
golang.conradwood.net/go-easyops v0.1.25963/go.mod h1:DR0Yd9eyusrfO/qOXirQH5oiHQ0gpo97iTMN06qXQ1E=
golang.org/x/net v0.22.0 h1:9sGLhx7iRIHEiX0oAJ3MRZMUCElJgy7Br1nO+AMN3Tc=
golang.org/x/net v0.22.0/go.mod h1:JKghWKKOSdJwpW2GEx0Ja7fmaKnMsbu+MWVZTokSYmg=
golang.org/x/sys v0.18.0 h1:DBdB3niSjOA/O0blCZBqDefyWNYveAYMNF1Wum0DYQ4=
golang.org/x/sys v0.18.0/go.mod h1:/VUhepiaJMQUp4+oa/7Zr1D23ma6VTLIYjOOTFZPUcA=
golang.org/x/text v0.14.0 h1:ScX5w1eTa3QqT8oi6+ziP7dTV1S2+ALU0bI+0zXKWiQ=
golang.org/x/text v0.14.0/go.mod h1:18ZOQIKpY8NJVqYksKHtTdi31H5itFRjB5/qKTNYzSU=
golang.yacloud.eu/apis/fscache v1.1.2792 h1:o739Ne0baCu42QK/ApfQYxArSsBCNdOtj6PJtN68qak=
golang.yacloud.eu/apis/fscache v1.1.2792/go.mod h1:SZ98WteUj9ugXrN/q44ciKLVTiWVHv5NIY3L9oclYHU=
golang.yacloud.eu/apis/session v1.1.2877 h1:hTLxVbxGK5ZIWgG+Q3TGruCwoMz1WfE5R6k5KffXleA=
golang.yacloud.eu/apis/session v1.1.2877/go.mod h1:ZFrGvXtY5WIH6SUqi0droULiYN/Zl9MDZ7062u23rQI=
golang.yacloud.eu/apis/urlcacher v1.1.2792 h1:WhMU1m1+/Jj+FJ3kDUHcltBc2ChT1DPKrsPu6hQZ7Ws=
golang.yacloud.eu/apis/urlcacher v1.1.2792/go.mod h1:eV8Tth/jImiw9wlJ0/YU7GzJcjnNQkJFixrthe7cFAw=
google.golang.org/genproto/googleapis/rpc v0.0.0-20240123012728-ef4313101c80 h1:AjyfHzEPEFp/NpvfN5g+KDla3EMojjhRVZc1i7cj+oM=
google.golang.org/genproto/googleapis/rpc v0.0.0-20240123012728-ef4313101c80/go.mod h1:PAREbraiVEVGVdTZsVWjSbbTtSyGbAgIIvni8a8CD5s=
google.golang.org/grpc v1.62.1 h1:B4n+nfKzOICUXMgyrNd19h/I9oH0L1pizfk1d4zSgTk=
google.golang.org/grpc v1.62.1/go.mod h1:IWTG0VlJLCh1SkC58F7np9ka9mx/WNkjl4PGJaiq+QE=
google.golang.org/protobuf v1.33.0 h1:uNO2rsAINq/JlFpSdYEKIZ0uKD/R9cpdv0T+yoGwGmI=
google.golang.org/protobuf v1.33.0/go.mod h1:c6P6GXX6sHbq/GpV6MGZEdwhWPcYBgnhAHhKbcUYpos=
gopkg.in/check.v1 v0.0.0-20161208181325-20d25e280405/go.mod h1:Co6ibVJAznAaIkqp8huTwlJQCZ016jof/cbN4VW5Yz0=
gopkg.in/check.v1 v1.0.0-20201130134442-10cb98267c6c h1:Hei/4ADfdWqJk1ZMxUNpqntNwaWcugrBjAiHlqqRiVk=
gopkg.in/yaml.v2 v2.4.0 h1:D8xgwECY7CYvx+Y2n4sBz93Jn9JRvxdiyyo8CTfuKaY=
gopkg.in/yaml.v2 v2.4.0/go.mod h1:RDklbk79AGWmwhnvt/jBztapEOGDOx6ZbXqjP6csGnQ=
gopkg.in/yaml.v3 v3.0.1 h1:fxVm/GzAzEWqLHuvctI91KS9hhNmmWOoWu0XTYJS7CA=
gopkg.in/yaml.v3 v3.0.1/go.mod h1:K4uyk7z7BCEPqu6E+C64Yfv1cQ7kz7rIZviUmN+EgEM=
