github.com/beorn7/perks v1.0.1 h1:VlbKKnNfV8bJzeqoa4cOKqO6bYr3WgKZxO8Z16+hsOM=
github.com/beorn7/perks v1.0.1/go.mod h1:G2ZrVWU2WbWT9wwq4/hrbKbnv/1ERSJQ0ibhJ6rlkpw=
github.com/cespare/xxhash/v2 v2.3.0 h1:UL815xU9SqsFlibzuggzjXhog7bL6oX9BbNZnL2UFvs=
github.com/cespare/xxhash/v2 v2.3.0/go.mod h1:VGX0DQ3Q6kWi7AoAeZDth3/j3BFtOZR5XLFGgcrjCOs=
github.com/davecgh/go-spew v1.1.1 h1:vj9j/u1bqnvCEfJOwUhtlOARqs3+rkHYY13jYWTU97c=
github.com/davecgh/go-spew v1.1.1/go.mod h1:J7Y8YcW2NihsgmVo/mv3lAwl/skON4iLHjSsI+c5H38=
github.com/dustin/go-humanize v1.0.1 h1:GzkhY7T5VNhEkwH0PVJgjz+fX1rhBrR7pRT3mDkpeCY=
github.com/dustin/go-humanize v1.0.1/go.mod h1:Mu1zIs6XwVuF/gI1OepvI0qD18qycQx+mFykh5fBlto=
github.com/golang/protobuf v1.5.4 h1:i7eJL8qZTpSEXOPTxNKhASYpMn+8e5Q6AdndVa1dWek=
github.com/golang/protobuf v1.5.4/go.mod h1:lnTiLA8Wa4RWRcIUkrtSVa5nRhsEGBg48fD6rSs7xps=
github.com/google/go-cmp v0.6.0 h1:ofyhxvXcZhMsU5ulbFiLKl/XBFqE1GSq7atu8tAmTRI=
github.com/google/go-cmp v0.6.0/go.mod h1:17dUlkBOakJ0+DkrSSNjCkIjxS6bF9zb3elmeNGIjoY=
github.com/grafana/pyroscope-go v1.1.1 h1:PQoUU9oWtO3ve/fgIiklYuGilvsm8qaGhlY4Vw6MAcQ=
github.com/grafana/pyroscope-go v1.1.1/go.mod h1:Mw26jU7jsL/KStNSGGuuVYdUq7Qghem5P8aXYXSXG88=
github.com/grafana/pyroscope-go/godeltaprof v0.1.7 h1:C11j63y7gymiW8VugJ9ZW0pWfxTZugdSJyC48olk5KY=
github.com/grafana/pyroscope-go/godeltaprof v0.1.7/go.mod h1:Tk376Nbldo4Cha9RgiU7ik8WKFkNpfds98aUzS8omLE=
github.com/klauspost/compress v1.17.3/go.mod h1:/dCuZOvVtNoHsyb+cuJD3itjs3NbnF6KH9zAO4BDxPM=
github.com/klauspost/compress v1.17.9 h1:6KIumPrER1LHsvBVuDa0r5xaG0Es51mhhB9BQB2qeMA=
github.com/klauspost/compress v1.17.9/go.mod h1:Di0epgTjJY877eYKx5yC51cX2A2Vl2ibi7bDH9ttBbw=
github.com/kr/pretty v0.3.1 h1:flRD4NNwYAUpkphVc1HcthR4KEIFJ65n8Mw5qdRn3LE=
github.com/kr/pretty v0.3.1/go.mod h1:hoEshYVHaxMs3cyo3Yncou5ZscifuDolrwPKZanG3xk=
github.com/kr/text v0.2.0 h1:5Nx0Ya0ZqY2ygV366QzturHI13Jq95ApcVaJBhpS+AY=
github.com/kr/text v0.2.0/go.mod h1:eLer722TekiGuMkidMxC/pM04lWEeraHUUmBw8l2grE=
github.com/lib/pq v1.10.9 h1:YXG7RB+JIjhP29X+OtkiDnYaXQwpS4JEWq7dtCCRUEw=
github.com/lib/pq v1.10.9/go.mod h1:AlVN5x4E4T544tWzH6hKfbfQvm3HdbOxrmggDNAPY9o=
github.com/munnerz/goautoneg v0.0.0-20191010083416-a7dc8b61c822 h1:C3w9PqII01/Oq1c1nUAm88MOHcQC9l5mIlSMApZMrHA=
github.com/munnerz/goautoneg v0.0.0-20191010083416-a7dc8b61c822/go.mod h1:+n7T8mK8HuQTcFwEeznm/DIxMOiR9yIdICNftLE1DvQ=
github.com/prometheus/client_golang v1.19.1 h1:wZWJDwK+NameRJuPGDhlnFgx8e8HN3XHQeLaYJFJBOE=
github.com/prometheus/client_golang v1.19.1/go.mod h1:mP78NwGzrVks5S2H6ab8+ZZGJLZUq1hoULYBAYBw1Ho=
github.com/prometheus/client_model v0.6.1 h1:ZKSh/rekM+n3CeS952MLRAdFwIKqeY8b62p8ais2e9E=
github.com/prometheus/client_model v0.6.1/go.mod h1:OrxVMOVHjw3lKMa8+x6HeMGkHMQyHDk9E3jmP2AmGiY=
github.com/prometheus/common v0.55.0 h1:KEi6DK7lXW/m7Ig5i47x0vRzuBsHuvJdi5ee6Y3G1dc=
github.com/prometheus/common v0.55.0/go.mod h1:2SECS4xJG1kd8XF9IcM1gMX6510RAEL65zxzNImwdc8=
github.com/prometheus/procfs v0.15.1 h1:YagwOFzUgYfKKHX6Dr+sHT7km/hxC76UB0learggepc=
github.com/prometheus/procfs v0.15.1/go.mod h1:fB45yRUv8NstnjriLhBQLuOUt+WW4BsoGhij/e3PBqk=
github.com/rogpeppe/go-internal v1.10.0 h1:TMyTOH3F/DB16zRVcYyreMH6GnZZrwQVAoYjRBZyWFQ=
github.com/rogpeppe/go-internal v1.10.0/go.mod h1:UQnix2H7Ngw/k4C5ijL5+65zddjncjaFoBhdsK/akog=
golang.conradwood.net/apis/artefact v1.1.3001 h1:coE4xzZPPGQPBJcbc6iFCG1Q8N2qob+t+Xd5SY6VRug=
golang.conradwood.net/apis/artefact v1.1.3001/go.mod h1:FECuaaexDhKxwuLIvMLZ89mYL/jRISZWCyD6riWaJWQ=
golang.conradwood.net/apis/auth v1.1.3001 h1:Hw5s2lJ6qtfHsxn11c8VJi+cE41CfZ4c5Jz1XbOx8tY=
golang.conradwood.net/apis/auth v1.1.3001/go.mod h1:Bh4WECszSAazqNpdZdYdQ1RLnSj6S4pEuk0uzdVJkuk=
golang.conradwood.net/apis/autodeployer v1.1.3001 h1:+b4OhZG9fl+cJAyrEfiNI45uhqNzYJUeFxtdhsckdx4=
golang.conradwood.net/apis/autodeployer v1.1.3001/go.mod h1:bW5QHl1KdDA2+wjJt3Ei+guVkd1CBq9cD0dgSBP6PyI=
golang.conradwood.net/apis/buildrepo v1.1.3001 h1:5h4OLsf7tkCmQCvnH+5e4ypDvjv8N0xKqwW5oti7EBs=
golang.conradwood.net/apis/buildrepo v1.1.3001/go.mod h1:SikmBOAsiCa3jqAalxn23JnAX/xxip76L3xXi+gxMH4=
golang.conradwood.net/apis/common v1.1.3001 h1:ZAu5qyoXZAPVcPFWE0Eev4gWCygM8vT4rfTx1cIoFQo=
golang.conradwood.net/apis/common v1.1.3001/go.mod h1:lVWuMuvgd7YM6RmKmZrjugEKbpcfkfv7zhRzp6+MVQY=
golang.conradwood.net/apis/deploymonkey v1.1.3001 h1:VkNI4fIpl5qZLVmiZzY3N+Zr6Et5VLrOGisTsILgWms=
golang.conradwood.net/apis/deploymonkey v1.1.3001/go.mod h1:KzuXHEOcm5MeCPkA5d88o5LusQvC+1qudsQUoB117lY=
golang.conradwood.net/apis/echoservice v1.1.3001 h1:SyNqUBoZs8wkIce+U++4TNocGw97gZQi9S7htBYH8WY=
golang.conradwood.net/apis/echoservice v1.1.3001/go.mod h1:T25S4ObtIfVHCNjaQk21Xh15etOhak+CeIkiWVPx7rw=
golang.conradwood.net/apis/email v1.1.3001 h1:urcsVM0oIlKWk/G2t5tNQ8uNcYaq5D7mWKyV1TMWTGU=
golang.conradwood.net/apis/email v1.1.3001/go.mod h1:Obrof1oTG9i8srVb1AgT3AYOku6Cg9gQKnzqdoiMGJo=
golang.conradwood.net/apis/errorlogger v1.1.3001 h1:5seGKlFx02qvzTzUJdy10TqOtUFatE460kaF/Xai8UI=
golang.conradwood.net/apis/errorlogger v1.1.3001/go.mod h1:nP78NTHWbNZCUQspmE+XLvDjKXA2vsEC9Rg8wcsNzLQ=
golang.conradwood.net/apis/framework v1.1.3001 h1:5IeXcW6wURGD9G0hXqovc00z7F84ECQqbH5ikclHI1k=
golang.conradwood.net/apis/framework v1.1.3001/go.mod h1:6hSP5VV/oX2nypxVhuO82xGFtFfGZqLgqTYUKfqHMdY=
golang.conradwood.net/apis/gitserver v1.1.3001 h1:ohenn6a9qgy7E7Klo5qiGFmqFHPNmJ6M1vbSXbwAYvk=
golang.conradwood.net/apis/gitserver v1.1.3001/go.mod h1:mWMPk4DQVo5qn1TOGsj2/1llB26cw7zpkQ4mvYkuvJM=
golang.conradwood.net/apis/goeasyops v1.1.3001 h1:ovozFT8mZ3U+IyNzNP9liVE6s6hA+izNH7nMdcbCAsw=
golang.conradwood.net/apis/goeasyops v1.1.3001/go.mod h1:tCtirXRvg6eYkxdLsV0cb506aS8HjRpkGbIlWO9tjxI=
golang.conradwood.net/apis/grafanadata v1.1.3001 h1:gJNi2Wu0Zx0ME+SqoCgSEn1kKm8PBNkYv8qkDB31bdk=
golang.conradwood.net/apis/grafanadata v1.1.3001/go.mod h1:7Y/RBhg+yv0FqamgOCoK/5G5zDK7y5FqlisrksSBoFs=
golang.conradwood.net/apis/h2gproxy v1.1.3001 h1:bMKTQMqiMSQp259sxMKLlABVFFKhqcleXfdDthQQvZU=
golang.conradwood.net/apis/h2gproxy v1.1.3001/go.mod h1:66uivoH856BALQUgeZEjYqINwenRbtDDtAmuNdeRIiM=
golang.conradwood.net/apis/objectauth v1.1.3001 h1:QEGums8xh6MsFuh6qKgUvLe3301JM7IVq+eWbQ4RfdM=
golang.conradwood.net/apis/objectauth v1.1.3001/go.mod h1:Yv1AKy4NIUhIKtKdXV2GLO1pXiIzOfiQ98kkqHsnf78=
golang.conradwood.net/apis/objectstore v1.1.3001 h1:xnwFyz4uaW83/ZdOhgd58nc2U0v3pSq0bt1kyMWHwo0=
golang.conradwood.net/apis/objectstore v1.1.3001/go.mod h1:/vTnnyp+30BLe3ccEqBY+DDvZMU7ROEVyuRIMRpGN8w=
golang.conradwood.net/apis/protorenderer v1.1.3001 h1:qhg99GCM5e+KWpvV19KIbGsq6YnJhUASUBwMZfcDZD4=
golang.conradwood.net/apis/protorenderer v1.1.3001/go.mod h1:Xuya1iMf+YdwZZ6gacIlPjGgx+C9CznuiDZdalegbrg=
golang.conradwood.net/apis/registry v1.1.3001 h1:0mwwEPM1dTZe8FGnLITS0ToZpxb2eS6QHQjg8reabFE=
golang.conradwood.net/apis/registry v1.1.3001/go.mod h1:dju6UIdRO718JfrhvLNJBgZvI2CEq47djA6RHTZP0jI=
golang.conradwood.net/apis/secureargs v1.1.3001 h1:YMR7OEJEV0I+Yvsf+KUR0iYhTzZ+cbKKOFYceOzJvoY=
golang.conradwood.net/apis/secureargs v1.1.3001/go.mod h1:VTsV0NtRydoKG0zbupONN9bz3wqwzGmKObZrkMnVwm4=
golang.conradwood.net/go-easyops v0.1.28926 h1:s4sTrspCEvyEKNRP6nvX5JGsCI+5Qggwi0Blua2haNY=
golang.conradwood.net/go-easyops v0.1.28926/go.mod h1:cf6zpbaEFpAGvVIl3XqUbpY8ebijhT8nXkzdjtcYnuI=
golang.org/x/net v0.28.0 h1:a9JDOJc5GMUJ0+UDqmLT86WiEy7iWyIhz8gz8E4e5hE=
golang.org/x/net v0.28.0/go.mod h1:yqtgsTWOOnlGLG9GFRrK3++bGOUEkNBoHZc8MEDWPNg=
golang.org/x/sys v0.24.0 h1:Twjiwq9dn6R1fQcyiK+wQyHWfaz/BJB+YIpzU/Cv3Xg=
golang.org/x/sys v0.24.0/go.mod h1:/VUhepiaJMQUp4+oa/7Zr1D23ma6VTLIYjOOTFZPUcA=
golang.org/x/text v0.17.0 h1:XtiM5bkSOt+ewxlOE/aE/AKEHibwj/6gvWMl9Rsh0Qc=
golang.org/x/text v0.17.0/go.mod h1:BuEKDfySbSR4drPmRPG/7iBdf8hvFMuRexcpahXilzY=
golang.yacloud.eu/apis/autodeployer2 v1.1.3001 h1:tcwoA6mOkdoSyJOQSdOJR5AqJml3CZSC1QbbcZcS37c=
golang.yacloud.eu/apis/autodeployer2 v1.1.3001/go.mod h1:btJWp0zqMeWnWc0r8dKEunMgtNxLqNkDQNlK455oKWQ=
golang.yacloud.eu/apis/fscache v1.1.3001 h1:hpPyCVyP7xru3hm1eRFAB2EeY6ScKy1TN327jLCLOaQ=
golang.yacloud.eu/apis/fscache v1.1.3001/go.mod h1:c4N0mCCaeKLLZZrhvvBSu2g6oC2KOj+iY9qqzdXaHvw=
golang.yacloud.eu/apis/session v1.1.3001 h1:4Ei+lcF7H9w1qta/gRBGvzhUAnBn4MMcjiXwGCmlQDc=
golang.yacloud.eu/apis/session v1.1.3001/go.mod h1:yl4/HXi2lAvYgjldUd7wvrTUm9zbak5BupTFNPGvVI0=
golang.yacloud.eu/apis/unixipc v1.1.3001 h1:Vm0a6Z9Qv9rpw0pNDQYPMlH1+vP+jxig2pg7n6fjieA=
golang.yacloud.eu/apis/unixipc v1.1.3001/go.mod h1:NxE9YDrnhz1+2o0tN5HASjGwpJkdq3yb2NR5gVHxmH8=
golang.yacloud.eu/apis/urlcacher v1.1.3001 h1:+7CXHAEMLYInF31xsWEKg8Pcj+LWL57gdpFqxw+DpHw=
golang.yacloud.eu/apis/urlcacher v1.1.3001/go.mod h1:XETG+CwpTp+1hBZhMA/jp+wTRU1tuxIatXZewO4wn8U=
golang.yacloud.eu/unixipc v0.1.26852 h1:bKxdKQVBTcuzgPuUv0ZUHui44Ys3KY+gOBTQ5m5S60s=
golang.yacloud.eu/unixipc v0.1.26852/go.mod h1:BboKEBCyQzeXbtXowwSLV9U+wI32wq49ZVs72+uO/ZI=
google.golang.org/genproto/googleapis/rpc v0.0.0-20240528184218-531527333157 h1:Zy9XzmMEflZ/MAaA7vNcoebnRAld7FsPW1EeBB7V0m8=
google.golang.org/genproto/googleapis/rpc v0.0.0-20240528184218-531527333157/go.mod h1:EfXuqaE1J41VCDicxHzUDm+8rk+7ZdXzHV0IhO/I6s0=
google.golang.org/grpc v1.65.0 h1:bs/cUb4lp1G5iImFFd3u5ixQzweKizoZJAwBNLR42lc=
google.golang.org/grpc v1.65.0/go.mod h1:WgYC2ypjlB0EiQi6wdKixMqukr6lBc0Vo+oOgjrM5ZQ=
google.golang.org/protobuf v1.34.2 h1:6xV6lTsCfpGD21XK49h7MhtcApnLqkfYgPcdHftf6hg=
google.golang.org/protobuf v1.34.2/go.mod h1:qYOHts0dSfpeUzUFpOMr/WGzszTmLH+DiWniOlNbLDw=
gopkg.in/check.v1 v0.0.0-20161208181325-20d25e280405/go.mod h1:Co6ibVJAznAaIkqp8huTwlJQCZ016jof/cbN4VW5Yz0=
gopkg.in/check.v1 v1.0.0-20201130134442-10cb98267c6c h1:Hei/4ADfdWqJk1ZMxUNpqntNwaWcugrBjAiHlqqRiVk=
gopkg.in/check.v1 v1.0.0-20201130134442-10cb98267c6c/go.mod h1:JHkPIbrfpd72SG/EVd6muEfDQjcINNoR0C8j2r3qZ4Q=
gopkg.in/yaml.v2 v2.4.0 h1:D8xgwECY7CYvx+Y2n4sBz93Jn9JRvxdiyyo8CTfuKaY=
gopkg.in/yaml.v2 v2.4.0/go.mod h1:RDklbk79AGWmwhnvt/jBztapEOGDOx6ZbXqjP6csGnQ=
gopkg.in/yaml.v3 v3.0.1 h1:fxVm/GzAzEWqLHuvctI91KS9hhNmmWOoWu0XTYJS7CA=
gopkg.in/yaml.v3 v3.0.1/go.mod h1:K4uyk7z7BCEPqu6E+C64Yfv1cQ7kz7rIZviUmN+EgEM=
